
Microsoft Visual Studio Solution File, Format Version 12.00
# Visual Studio Version 16
VisualStudioVersion = 16.0.31005.135
MinimumVisualStudioVersion = 10.0.40219.1
Project("{FAE04EC0-301F-11D3-BF4B-00C04F79EFBC}") = "RunLocalPowershell", "RunLocalPowershell.csproj", "{FE2CF9DB-51D4-4AEB-A004-2E1967316E5A}"
EndProject
Global
	GlobalSection(SolutionConfigurationPlatforms) = preSolution
		Debug|Any CPU = Debug|Any CPU
		Release|Any CPU = Release|Any CPU
	EndGlobalSection
	GlobalSection(ProjectConfigurationPlatforms) = postSolution
		{FE2CF9DB-51D4-4AEB-A004-2E1967316E5A}.Debug|Any CPU.ActiveCfg = Debug|Any CPU
		{FE2CF9DB-51D4-4AEB-A004-2E1967316E5A}.Debug|Any CPU.Build.0 = Debug|Any CPU
		{FE2CF9DB-51D4-4AEB-A004-2E1967316E5A}.Release|Any CPU.ActiveCfg = Release|Any CPU
		{FE2CF9DB-51D4-4AEB-A004-2E1967316E5A}.Release|Any CPU.Build.0 = Release|Any CPU
	EndGlobalSection
	GlobalSection(SolutionProperties) = preSolution
		HideSolutionNode = FALSE
	EndGlobalSection
	GlobalSection(ExtensibilityGlobals) = postSolution
		SolutionGuid = {B559A760-136C-4D75-881C-825E6E63B7EC}
	EndGlobalSection
EndGlobal
